
Microsoft Visual Studio Solution File, Format Version 12.00
# Visual Studio Version 16
VisualStudioVersion = 16.0.30011.22
MinimumVisualStudioVersion = 10.0.40219.1
Project("{FAE04EC0-301F-11D3-BF4B-00C04F79EFBC}") = "HFM.Log", "HFM.Log\HFM.Log.csproj", "{2C3EA8A1-D17F-419D-A76A-970550FB5A09}"
EndProject
Project("{FAE04EC0-301F-11D3-BF4B-00C04F79EFBC}") = "HFM.Log.Tests", "HFM.Log.Tests\HFM.Log.Tests.csproj", "{9EA57D40-ECE3-4F75-AD89-72960B847F1F}"
EndProject
Project("{FAE04EC0-301F-11D3-BF4B-00C04F79EFBC}") = "HFM.Log.Tool", "HFM.Log.Tool\HFM.Log.Tool.csproj", "{A8552DC2-2B4E-4193-A12B-2560586B7B42}"
EndProject
Global
	GlobalSection(SolutionConfigurationPlatforms) = preSolution
		Debug|Any CPU = Debug|Any CPU
		Debug|x86 = Debug|x86
		DebugDev|Any CPU = DebugDev|Any CPU
		DebugDev|x86 = DebugDev|x86
		Release|Any CPU = Release|Any CPU
		Release|x86 = Release|x86
		ReleaseDev|Any CPU = ReleaseDev|Any CPU
		ReleaseDev|x86 = ReleaseDev|x86
		ReleaseMerge|Any CPU = ReleaseMerge|Any CPU
		ReleaseMerge|x86 = ReleaseMerge|x86
	EndGlobalSection
	GlobalSection(ProjectConfigurationPlatforms) = postSolution
		{2C3EA8A1-D17F-419D-A76A-970550FB5A09}.Debug|Any CPU.ActiveCfg = Debug|Any CPU
		{2C3EA8A1-D17F-419D-A76A-970550FB5A09}.Debug|Any CPU.Build.0 = Debug|Any CPU
		{2C3EA8A1-D17F-419D-A76A-970550FB5A09}.Debug|x86.ActiveCfg = Debug|Any CPU
		{2C3EA8A1-D17F-419D-A76A-970550FB5A09}.Debug|x86.Build.0 = Debug|Any CPU
		{2C3EA8A1-D17F-419D-A76A-970550FB5A09}.DebugDev|Any CPU.ActiveCfg = Debug|Any CPU
		{2C3EA8A1-D17F-419D-A76A-970550FB5A09}.DebugDev|Any CPU.Build.0 = Debug|Any CPU
		{2C3EA8A1-D17F-419D-A76A-970550FB5A09}.DebugDev|x86.ActiveCfg = Debug|Any CPU
		{2C3EA8A1-D17F-419D-A76A-970550FB5A09}.DebugDev|x86.Build.0 = Debug|Any CPU
		{2C3EA8A1-D17F-419D-A76A-970550FB5A09}.Release|Any CPU.ActiveCfg = Release|Any CPU
		{2C3EA8A1-D17F-419D-A76A-970550FB5A09}.Release|Any CPU.Build.0 = Release|Any CPU
		{2C3EA8A1-D17F-419D-A76A-970550FB5A09}.Release|x86.ActiveCfg = Release|Any CPU
		{2C3EA8A1-D17F-419D-A76A-970550FB5A09}.Release|x86.Build.0 = Release|Any CPU
		{2C3EA8A1-D17F-419D-A76A-970550FB5A09}.ReleaseDev|Any CPU.ActiveCfg = Release|Any CPU
		{2C3EA8A1-D17F-419D-A76A-970550FB5A09}.ReleaseDev|Any CPU.Build.0 = Release|Any CPU
		{2C3EA8A1-D17F-419D-A76A-970550FB5A09}.ReleaseDev|x86.ActiveCfg = Release|Any CPU
		{2C3EA8A1-D17F-419D-A76A-970550FB5A09}.ReleaseDev|x86.Build.0 = Release|Any CPU
		{2C3EA8A1-D17F-419D-A76A-970550FB5A09}.ReleaseMerge|Any CPU.ActiveCfg = Release|Any CPU
		{2C3EA8A1-D17F-419D-A76A-970550FB5A09}.ReleaseMerge|Any CPU.Build.0 = Release|Any CPU
		{2C3EA8A1-D17F-419D-A76A-970550FB5A09}.ReleaseMerge|x86.ActiveCfg = Release|Any CPU
		{2C3EA8A1-D17F-419D-A76A-970550FB5A09}.ReleaseMerge|x86.Build.0 = Release|Any CPU
		{9EA57D40-ECE3-4F75-AD89-72960B847F1F}.Debug|Any CPU.ActiveCfg = Debug|Any CPU
		{9EA57D40-ECE3-4F75-AD89-72960B847F1F}.Debug|Any CPU.Build.0 = Debug|Any CPU
		{9EA57D40-ECE3-4F75-AD89-72960B847F1F}.Debug|x86.ActiveCfg = Debug|Any CPU
		{9EA57D40-ECE3-4F75-AD89-72960B847F1F}.Debug|x86.Build.0 = Debug|Any CPU
		{9EA57D40-ECE3-4F75-AD89-72960B847F1F}.DebugDev|Any CPU.ActiveCfg = Debug|Any CPU
		{9EA57D40-ECE3-4F75-AD89-72960B847F1F}.DebugDev|Any CPU.Build.0 = Debug|Any CPU
		{9EA57D40-ECE3-4F75-AD89-72960B847F1F}.DebugDev|x86.ActiveCfg = Debug|Any CPU
		{9EA57D40-ECE3-4F75-AD89-72960B847F1F}.DebugDev|x86.Build.0 = Debug|Any CPU
		{9EA57D40-ECE3-4F75-AD89-72960B847F1F}.Release|Any CPU.ActiveCfg = Release|Any CPU
		{9EA57D40-ECE3-4F75-AD89-72960B847F1F}.Release|Any CPU.Build.0 = Release|Any CPU
		{9EA57D40-ECE3-4F75-AD89-72960B847F1F}.Release|x86.ActiveCfg = Release|Any CPU
		{9EA57D40-ECE3-4F75-AD89-72960B847F1F}.Release|x86.Build.0 = Release|Any CPU
		{9EA57D40-ECE3-4F75-AD89-72960B847F1F}.ReleaseDev|Any CPU.ActiveCfg = Release|Any CPU
		{9EA57D40-ECE3-4F75-AD89-72960B847F1F}.ReleaseDev|Any CPU.Build.0 = Release|Any CPU
		{9EA57D40-ECE3-4F75-AD89-72960B847F1F}.ReleaseDev|x86.ActiveCfg = Release|Any CPU
		{9EA57D40-ECE3-4F75-AD89-72960B847F1F}.ReleaseDev|x86.Build.0 = Release|Any CPU
		{9EA57D40-ECE3-4F75-AD89-72960B847F1F}.ReleaseMerge|Any CPU.ActiveCfg = Release|Any CPU
		{9EA57D40-ECE3-4F75-AD89-72960B847F1F}.ReleaseMerge|Any CPU.Build.0 = Release|Any CPU
		{9EA57D40-ECE3-4F75-AD89-72960B847F1F}.ReleaseMerge|x86.ActiveCfg = Release|Any CPU
		{9EA57D40-ECE3-4F75-AD89-72960B847F1F}.ReleaseMerge|x86.Build.0 = Release|Any CPU
		{A8552DC2-2B4E-4193-A12B-2560586B7B42}.Debug|Any CPU.ActiveCfg = Debug|Any CPU
		{A8552DC2-2B4E-4193-A12B-2560586B7B42}.Debug|Any CPU.Build.0 = Debug|Any CPU
		{A8552DC2-2B4E-4193-A12B-2560586B7B42}.Debug|x86.ActiveCfg = Debug|x86
		{A8552DC2-2B4E-4193-A12B-2560586B7B42}.Debug|x86.Build.0 = Debug|x86
		{A8552DC2-2B4E-4193-A12B-2560586B7B42}.DebugDev|Any CPU.ActiveCfg = DebugDev|Any CPU
		{A8552DC2-2B4E-4193-A12B-2560586B7B42}.DebugDev|Any CPU.Build.0 = DebugDev|Any CPU
		{A8552DC2-2B4E-4193-A12B-2560586B7B42}.DebugDev|x86.ActiveCfg = DebugDev|x86
		{A8552DC2-2B4E-4193-A12B-2560586B7B42}.DebugDev|x86.Build.0 = DebugDev|x86
		{A8552DC2-2B4E-4193-A12B-2560586B7B42}.Release|Any CPU.ActiveCfg = Release|Any CPU
		{A8552DC2-2B4E-4193-A12B-2560586B7B42}.Release|Any CPU.Build.0 = Release|Any CPU
		{A8552DC2-2B4E-4193-A12B-2560586B7B42}.Release|x86.ActiveCfg = Release|x86
		{A8552DC2-2B4E-4193-A12B-2560586B7B42}.Release|x86.Build.0 = Release|x86
		{A8552DC2-2B4E-4193-A12B-2560586B7B42}.ReleaseDev|Any CPU.ActiveCfg = ReleaseDev|Any CPU
		{A8552DC2-2B4E-4193-A12B-2560586B7B42}.ReleaseDev|Any CPU.Build.0 = ReleaseDev|Any CPU
		{A8552DC2-2B4E-4193-A12B-2560586B7B42}.ReleaseDev|x86.ActiveCfg = ReleaseDev|x86
		{A8552DC2-2B4E-4193-A12B-2560586B7B42}.ReleaseDev|x86.Build.0 = ReleaseDev|x86
		{A8552DC2-2B4E-4193-A12B-2560586B7B42}.ReleaseMerge|Any CPU.ActiveCfg = ReleaseMerge|Any CPU
		{A8552DC2-2B4E-4193-A12B-2560586B7B42}.ReleaseMerge|Any CPU.Build.0 = ReleaseMerge|Any CPU
		{A8552DC2-2B4E-4193-A12B-2560586B7B42}.ReleaseMerge|x86.ActiveCfg = ReleaseMerge|x86
		{A8552DC2-2B4E-4193-A12B-2560586B7B42}.ReleaseMerge|x86.Build.0 = ReleaseMerge|x86
	EndGlobalSection
	GlobalSection(SolutionProperties) = preSolution
		HideSolutionNode = FALSE
	EndGlobalSection
	GlobalSection(ExtensibilityGlobals) = postSolution
		SolutionGuid = {6AEC2280-A4FE-4D04-8126-ED8967D62542}
	EndGlobalSection
EndGlobal
