{
  "version": 1,
  "dependencies": {
    "net6.0-windows7.0": {
      "System.Resources.Extensions": {
        "type": "Direct",
        "requested": "[5.0.0, )",
        "resolved": "5.0.0",
        "contentHash": "KBiqY/+W6hWVwucHBHO76JkgBGyawlxCcP946MhK8dNjalaBgZkyHaux8ko58PENTqQHHjoDa7cfIkAchfJPPA=="
      },
      "hfm.log": {
        "type": "Project"
      }
    }
  }
}